
Microsoft Visual Studio Solution File, Format Version 12.00
# Visual Studio Version 16
VisualStudioVersion = 16.0.30320.27
MinimumVisualStudioVersion = 10.0.40219.1
Project("{9A19103F-16F7-4668-BE54-9A1E7A4F7556}") = "UserregistrationMstest", "UserregistrationMstest.csproj", "{53202D99-1E00-4C8F-9DBE-8C0DA6DEB5E2}"
EndProject
Project("{9A19103F-16F7-4668-BE54-9A1E7A4F7556}") = "UnitTestProject1", "..\UnitTestProject1\UnitTestProject1.csproj", "{833332F5-D534-4C9F-9D56-DF30F6C209BD}"
EndProject
Global
	GlobalSection(SolutionConfigurationPlatforms) = preSolution
		Debug|Any CPU = Debug|Any CPU
		Release|Any CPU = Release|Any CPU
	EndGlobalSection
	GlobalSection(ProjectConfigurationPlatforms) = postSolution
		{53202D99-1E00-4C8F-9DBE-8C0DA6DEB5E2}.Debug|Any CPU.ActiveCfg = Debug|Any CPU
		{53202D99-1E00-4C8F-9DBE-8C0DA6DEB5E2}.Debug|Any CPU.Build.0 = Debug|Any CPU
		{53202D99-1E00-4C8F-9DBE-8C0DA6DEB5E2}.Release|Any CPU.ActiveCfg = Release|Any CPU
		{53202D99-1E00-4C8F-9DBE-8C0DA6DEB5E2}.Release|Any CPU.Build.0 = Release|Any CPU
		{833332F5-D534-4C9F-9D56-DF30F6C209BD}.Debug|Any CPU.ActiveCfg = Debug|Any CPU
		{833332F5-D534-4C9F-9D56-DF30F6C209BD}.Debug|Any CPU.Build.0 = Debug|Any CPU
		{833332F5-D534-4C9F-9D56-DF30F6C209BD}.Release|Any CPU.ActiveCfg = Release|Any CPU
		{833332F5-D534-4C9F-9D56-DF30F6C209BD}.Release|Any CPU.Build.0 = Release|Any CPU
	EndGlobalSection
	GlobalSection(SolutionProperties) = preSolution
		HideSolutionNode = FALSE
	EndGlobalSection
	GlobalSection(ExtensibilityGlobals) = postSolution
		SolutionGuid = {99055097-92D6-4497-884B-D305F9AEE110}
	EndGlobalSection
EndGlobal
